
Microsoft Visual Studio Solution File, Format Version 12.00
# Visual Studio Version 17
VisualStudioVersion = 17.5.002.0
MinimumVisualStudioVersion = 10.0.40219.1
Project("{2150E333-8FDC-42A3-9474-1A3956D46DE8}") = "ChallengeProject", "ChallengeProject", "{D8B12E29-2E4C-406F-BA65-8211FD68C538}"
EndProject
Project("{9A19103F-16F7-4668-BE54-9A1E7A4F7556}") = "Final", "ChallengeProject\Final\Final.csproj", "{12A280BC-49EB-4C2B-A21B-BAC491997A36}"
EndProject
Project("{9A19103F-16F7-4668-BE54-9A1E7A4F7556}") = "Starter", "ChallengeProject\Starter\Starter.csproj", "{61C64315-2CCC-4291-A4F6-CFA971B1213D}"
EndProject
Global
	GlobalSection(SolutionConfigurationPlatforms) = preSolution
		Debug|Any CPU = Debug|Any CPU
		Release|Any CPU = Release|Any CPU
	EndGlobalSection
	GlobalSection(ProjectConfigurationPlatforms) = postSolution
		{12A280BC-49EB-4C2B-A21B-BAC491997A36}.Debug|Any CPU.ActiveCfg = Debug|Any CPU
		{12A280BC-49EB-4C2B-A21B-BAC491997A36}.Debug|Any CPU.Build.0 = Debug|Any CPU
		{12A280BC-49EB-4C2B-A21B-BAC491997A36}.Release|Any CPU.ActiveCfg = Release|Any CPU
		{12A280BC-49EB-4C2B-A21B-BAC491997A36}.Release|Any CPU.Build.0 = Release|Any CPU
		{61C64315-2CCC-4291-A4F6-CFA971B1213D}.Debug|Any CPU.ActiveCfg = Debug|Any CPU
		{61C64315-2CCC-4291-A4F6-CFA971B1213D}.Debug|Any CPU.Build.0 = Debug|Any CPU
		{61C64315-2CCC-4291-A4F6-CFA971B1213D}.Release|Any CPU.ActiveCfg = Release|Any CPU
		{61C64315-2CCC-4291-A4F6-CFA971B1213D}.Release|Any CPU.Build.0 = Release|Any CPU
	EndGlobalSection
	GlobalSection(SolutionProperties) = preSolution
		HideSolutionNode = FALSE
	EndGlobalSection
	GlobalSection(NestedProjects) = preSolution
		{12A280BC-49EB-4C2B-A21B-BAC491997A36} = {D8B12E29-2E4C-406F-BA65-8211FD68C538}
		{61C64315-2CCC-4291-A4F6-CFA971B1213D} = {D8B12E29-2E4C-406F-BA65-8211FD68C538}
	EndGlobalSection
	GlobalSection(ExtensibilityGlobals) = postSolution
		SolutionGuid = {562C9848-827B-4521-A91E-1D6640CFF888}
	EndGlobalSection
EndGlobal
